// !$*UTF8*$!
{
	archiveVersion = 1;
	classes = {
	};
	objectVersion = 56;
	objects = {

/* Begin PBXBuildFile section */
		DD874FA32B32EC5700975E0F /* SocialMediaAppApp.swift in Sources */ = {isa = PBXBuildFile; fileRef = DD874FA22B32EC5700975E0F /* SocialMediaAppApp.swift */; };
		DD874FA52B32EC5700975E0F /* ContentView.swift in Sources */ = {isa = PBXBuildFile; fileRef = DD874FA42B32EC5700975E0F /* ContentView.swift */; };
		DD874FA72B32EC5800975E0F /* Assets.xcassets in Resources */ = {isa = PBXBuildFile; fileRef = DD874FA62B32EC5800975E0F /* Assets.xcassets */; };
		DD874FAA2B32EC5800975E0F /* Preview Assets.xcassets in Resources */ = {isa = PBXBuildFile; fileRef = DD874FA92B32EC5800975E0F /* Preview Assets.xcassets */; };
		DD874FB12B32EDEE00975E0F /* GoogleService-Info.plist in Resources */ = {isa = PBXBuildFile; fileRef = DD874FB02B32EDEE00975E0F /* GoogleService-Info.plist */; };
		DD874FB42B32EE9900975E0F /* FirebaseAuth in Frameworks */ = {isa = PBXBuildFile; productRef = DD874FB32B32EE9900975E0F /* FirebaseAuth */; };
		DD874FBA2B32EF2400975E0F /* LoginView.swift in Sources */ = {isa = PBXBuildFile; fileRef = DD874FB92B32EF2400975E0F /* LoginView.swift */; };
		DD874FBD2B33054700975E0F /* FirebaseFirestore in Frameworks */ = {isa = PBXBuildFile; productRef = DD874FBC2B33054700975E0F /* FirebaseFirestore */; };
		DD874FBF2B33054700975E0F /* FirebaseFirestoreSwift in Frameworks */ = {isa = PBXBuildFile; productRef = DD874FBE2B33054700975E0F /* FirebaseFirestoreSwift */; };
		DD874FC12B33054700975E0F /* FirebaseStorage in Frameworks */ = {isa = PBXBuildFile; productRef = DD874FC02B33054700975E0F /* FirebaseStorage */; };
		DD874FC32B33076000975E0F /* User.swift in Sources */ = {isa = PBXBuildFile; fileRef = DD874FC22B33076000975E0F /* User.swift */; };
		DD874FC52B33106100975E0F /* LoadingView.swift in Sources */ = {isa = PBXBuildFile; fileRef = DD874FC42B33106100975E0F /* LoadingView.swift */; };
		DD874FC92B33175000975E0F /* RegisterView.swift in Sources */ = {isa = PBXBuildFile; fileRef = DD874FC82B33175000975E0F /* RegisterView.swift */; };
		DD874FCC2B3317DE00975E0F /* View+Extensions.swift in Sources */ = {isa = PBXBuildFile; fileRef = DD874FCB2B3317DE00975E0F /* View+Extensions.swift */; };
		DD874FCE2B33183B00975E0F /* MainView.swift in Sources */ = {isa = PBXBuildFile; fileRef = DD874FCD2B33183B00975E0F /* MainView.swift */; };
		DD874FD02B331A6900975E0F /* ProfileView.swift in Sources */ = {isa = PBXBuildFile; fileRef = DD874FCF2B331A6900975E0F /* ProfileView.swift */; };
		DD874FD22B331A9600975E0F /* PostsView.swift in Sources */ = {isa = PBXBuildFile; fileRef = DD874FD12B331A9600975E0F /* PostsView.swift */; };
		DD874FD42B3321C900975E0F /* ReusableProfileContent.swift in Sources */ = {isa = PBXBuildFile; fileRef = DD874FD32B3321C900975E0F /* ReusableProfileContent.swift */; };
		DD874FD72B3322B200975E0F /* SDWebImageSwiftUI in Frameworks */ = {isa = PBXBuildFile; productRef = DD874FD62B3322B200975E0F /* SDWebImageSwiftUI */; };
		DD874FD92B3367C700975E0F /* CreateNewPost.swift in Sources */ = {isa = PBXBuildFile; fileRef = DD874FD82B3367C700975E0F /* CreateNewPost.swift */; };
		DD874FDB2B3367EA00975E0F /* Post.swift in Sources */ = {isa = PBXBuildFile; fileRef = DD874FDA2B3367EA00975E0F /* Post.swift */; };
		DD874FDD2B33860500975E0F /* SplashLayer.swift in Sources */ = {isa = PBXBuildFile; fileRef = DD874FDC2B33860500975E0F /* SplashLayer.swift */; };
/* End PBXBuildFile section */

/* Begin PBXFileReference section */
		DD874F9F2B32EC5700975E0F /* SocialMediaApp.app */ = {isa = PBXFileReference; explicitFileType = wrapper.application; includeInIndex = 0; path = SocialMediaApp.app; sourceTree = BUILT_PRODUCTS_DIR; };
		DD874FA22B32EC5700975E0F /* SocialMediaAppApp.swift */ = {isa = PBXFileReference; lastKnownFileType = sourcecode.swift; path = SocialMediaAppApp.swift; sourceTree = "<group>"; };
		DD874FA42B32EC5700975E0F /* ContentView.swift */ = {isa = PBXFileReference; lastKnownFileType = sourcecode.swift; path = ContentView.swift; sourceTree = "<group>"; };
		DD874FA62B32EC5800975E0F /* Assets.xcassets */ = {isa = PBXFileReference; lastKnownFileType = folder.assetcatalog; path = Assets.xcassets; sourceTree = "<group>"; };
		DD874FA92B32EC5800975E0F /* Preview Assets.xcassets */ = {isa = PBXFileReference; lastKnownFileType = folder.assetcatalog; path = "Preview Assets.xcassets"; sourceTree = "<group>"; };
		DD874FB02B32EDEE00975E0F /* GoogleService-Info.plist */ = {isa = PBXFileReference; fileEncoding = 4; lastKnownFileType = text.plist.xml; path = "GoogleService-Info.plist"; sourceTree = "<group>"; };
		DD874FB92B32EF2400975E0F /* LoginView.swift */ = {isa = PBXFileReference; lastKnownFileType = sourcecode.swift; path = LoginView.swift; sourceTree = "<group>"; };
		DD874FC22B33076000975E0F /* User.swift */ = {isa = PBXFileReference; lastKnownFileType = sourcecode.swift; path = User.swift; sourceTree = "<group>"; };
		DD874FC42B33106100975E0F /* LoadingView.swift */ = {isa = PBXFileReference; lastKnownFileType = sourcecode.swift; path = LoadingView.swift; sourceTree = "<group>"; };
		DD874FC82B33175000975E0F /* RegisterView.swift */ = {isa = PBXFileReference; lastKnownFileType = sourcecode.swift; path = RegisterView.swift; sourceTree = "<group>"; };
		DD874FCB2B3317DE00975E0F /* View+Extensions.swift */ = {isa = PBXFileReference; lastKnownFileType = sourcecode.swift; path = "View+Extensions.swift"; sourceTree = "<group>"; };
		DD874FCD2B33183B00975E0F /* MainView.swift */ = {isa = PBXFileReference; lastKnownFileType = sourcecode.swift; path = MainView.swift; sourceTree = "<group>"; };
		DD874FCF2B331A6900975E0F /* ProfileView.swift */ = {isa = PBXFileReference; lastKnownFileType = sourcecode.swift; path = ProfileView.swift; sourceTree = "<group>"; };
		DD874FD12B331A9600975E0F /* PostsView.swift */ = {isa = PBXFileReference; lastKnownFileType = sourcecode.swift; path = PostsView.swift; sourceTree = "<group>"; };
		DD874FD32B3321C900975E0F /* ReusableProfileContent.swift */ = {isa = PBXFileReference; lastKnownFileType = sourcecode.swift; path = ReusableProfileContent.swift; sourceTree = "<group>"; };
		DD874FD82B3367C700975E0F /* CreateNewPost.swift */ = {isa = PBXFileReference; lastKnownFileType = sourcecode.swift; path = CreateNewPost.swift; sourceTree = "<group>"; };
		DD874FDA2B3367EA00975E0F /* Post.swift */ = {isa = PBXFileReference; lastKnownFileType = sourcecode.swift; path = Post.swift; sourceTree = "<group>"; };
		DD874FDC2B33860500975E0F /* SplashLayer.swift */ = {isa = PBXFileReference; lastKnownFileType = sourcecode.swift; path = SplashLayer.swift; sourceTree = "<group>"; };
/* End PBXFileReference section */

/* Begin PBXFrameworksBuildPhase section */
		DD874F9C2B32EC5700975E0F /* Frameworks */ = {
			isa = PBXFrameworksBuildPhase;
			buildActionMask = 2147483647;
			files = (
				DD874FD72B3322B200975E0F /* SDWebImageSwiftUI in Frameworks */,
				DD874FB42B32EE9900975E0F /* FirebaseAuth in Frameworks */,
				DD874FC12B33054700975E0F /* FirebaseStorage in Frameworks */,
				DD874FBD2B33054700975E0F /* FirebaseFirestore in Frameworks */,
				DD874FBF2B33054700975E0F /* FirebaseFirestoreSwift in Frameworks */,
			);
			runOnlyForDeploymentPostprocessing = 0;
		};
/* End PBXFrameworksBuildPhase section */

/* Begin PBXGroup section */
		DD874F962B32EC5700975E0F = {
			isa = PBXGroup;
			children = (
				DD874FA12B32EC5700975E0F /* SocialMediaApp */,
				DD874FA02B32EC5700975E0F /* Products */,
				DD874FBB2B33054700975E0F /* Frameworks */,
			);
			sourceTree = "<group>";
		};
		DD874FA02B32EC5700975E0F /* Products */ = {
			isa = PBXGroup;
			children = (
				DD874F9F2B32EC5700975E0F /* SocialMediaApp.app */,
			);
			name = Products;
			sourceTree = "<group>";
		};
		DD874FA12B32EC5700975E0F /* SocialMediaApp */ = {
			isa = PBXGroup;
			children = (
				DD874FB62B32EEB900975E0F /* Model */,
				DD874FB52B32EEAB00975E0F /* View */,
				DD874FB02B32EDEE00975E0F /* GoogleService-Info.plist */,
				DD874FA22B32EC5700975E0F /* SocialMediaAppApp.swift */,
				DD874FA42B32EC5700975E0F /* ContentView.swift */,
				DD874FA62B32EC5800975E0F /* Assets.xcassets */,
				DD874FA82B32EC5800975E0F /* Preview Content */,
			);
			path = SocialMediaApp;
			sourceTree = "<group>";
		};
		DD874FA82B32EC5800975E0F /* Preview Content */ = {
			isa = PBXGroup;
			children = (
				DD874FA92B32EC5800975E0F /* Preview Assets.xcassets */,
			);
			path = "Preview Content";
			sourceTree = "<group>";
		};
		DD874FB52B32EEAB00975E0F /* View */ = {
			isa = PBXGroup;
			children = (
				DD874FCA2B3317CA00975E0F /* Helpers */,
				DD874FC72B33173B00975E0F /* MainView */,
				DD874FC62B33173300975E0F /* Login */,
				DD874FC42B33106100975E0F /* LoadingView.swift */,
			);
			path = View;
			sourceTree = "<group>";
		};
		DD874FB62B32EEB900975E0F /* Model */ = {
			isa = PBXGroup;
			children = (
				DD874FC22B33076000975E0F /* User.swift */,
				DD874FDA2B3367EA00975E0F /* Post.swift */,
			);
			path = Model;
			sourceTree = "<group>";
		};
		DD874FBB2B33054700975E0F /* Frameworks */ = {
			isa = PBXGroup;
			children = (
			);
			name = Frameworks;
			sourceTree = "<group>";
		};
		DD874FC62B33173300975E0F /* Login */ = {
			isa = PBXGroup;
			children = (
				DD874FB92B32EF2400975E0F /* LoginView.swift */,
				DD874FC82B33175000975E0F /* RegisterView.swift */,
			);
			path = Login;
			sourceTree = "<group>";
		};
		DD874FC72B33173B00975E0F /* MainView */ = {
			isa = PBXGroup;
			children = (
				DD874FCD2B33183B00975E0F /* MainView.swift */,
				DD874FCF2B331A6900975E0F /* ProfileView.swift */,
				DD874FD12B331A9600975E0F /* PostsView.swift */,
				DD874FD32B3321C900975E0F /* ReusableProfileContent.swift */,
				DD874FD82B3367C700975E0F /* CreateNewPost.swift */,
			);
			path = MainView;
			sourceTree = "<group>";
		};
		DD874FCA2B3317CA00975E0F /* Helpers */ = {
			isa = PBXGroup;
			children = (
				DD874FCB2B3317DE00975E0F /* View+Extensions.swift */,
				DD874FDC2B33860500975E0F /* SplashLayer.swift */,
			);
			path = Helpers;
			sourceTree = "<group>";
		};
/* End PBXGroup section */

/* Begin PBXNativeTarget section */
		DD874F9E2B32EC5700975E0F /* SocialMediaApp */ = {
			isa = PBXNativeTarget;
			buildConfigurationList = DD874FAD2B32EC5800975E0F /* Build configuration list for PBXNativeTarget "SocialMediaApp" */;
			buildPhases = (
				DD874F9B2B32EC5700975E0F /* Sources */,
				DD874F9C2B32EC5700975E0F /* Frameworks */,
				DD874F9D2B32EC5700975E0F /* Resources */,
			);
			buildRules = (
			);
			dependencies = (
			);
			name = SocialMediaApp;
			packageProductDependencies = (
				DD874FB32B32EE9900975E0F /* FirebaseAuth */,
				DD874FBC2B33054700975E0F /* FirebaseFirestore */,
				DD874FBE2B33054700975E0F /* FirebaseFirestoreSwift */,
				DD874FC02B33054700975E0F /* FirebaseStorage */,
				DD874FD62B3322B200975E0F /* SDWebImageSwiftUI */,
			);
			productName = SocialMediaApp;
			productReference = DD874F9F2B32EC5700975E0F /* SocialMediaApp.app */;
			productType = "com.apple.product-type.application";
		};
/* End PBXNativeTarget section */

/* Begin PBXProject section */
		DD874F972B32EC5700975E0F /* Project object */ = {
			isa = PBXProject;
			attributes = {
				BuildIndependentTargetsInParallel = 1;
				LastSwiftUpdateCheck = 1430;
				LastUpgradeCheck = 1430;
				TargetAttributes = {
					DD874F9E2B32EC5700975E0F = {
						CreatedOnToolsVersion = 14.3.1;
					};
				};
			};
			buildConfigurationList = DD874F9A2B32EC5700975E0F /* Build configuration list for PBXProject "SocialMediaApp" */;
			compatibilityVersion = "Xcode 14.0";
			developmentRegion = en;
			hasScannedForEncodings = 0;
			knownRegions = (
				en,
				Base,
			);
			mainGroup = DD874F962B32EC5700975E0F;
			packageReferences = (
				DD874FB22B32EE9900975E0F /* XCRemoteSwiftPackageReference "firebase-ios-sdk" */,
				DD874FD52B3322B200975E0F /* XCRemoteSwiftPackageReference "SDWebImageSwiftUI" */,
			);
			productRefGroup = DD874FA02B32EC5700975E0F /* Products */;
			projectDirPath = "";
			projectRoot = "";
			targets = (
				DD874F9E2B32EC5700975E0F /* SocialMediaApp */,
			);
		};
/* End PBXProject section */

/* Begin PBXResourcesBuildPhase section */
		DD874F9D2B32EC5700975E0F /* Resources */ = {
			isa = PBXResourcesBuildPhase;
			buildActionMask = 2147483647;
			files = (
				DD874FAA2B32EC5800975E0F /* Preview Assets.xcassets in Resources */,
				DD874FA72B32EC5800975E0F /* Assets.xcassets in Resources */,
				DD874FB12B32EDEE00975E0F /* GoogleService-Info.plist in Resources */,
			);
			runOnlyForDeploymentPostprocessing = 0;
		};
/* End PBXResourcesBuildPhase section */

/* Begin PBXSourcesBuildPhase section */
		DD874F9B2B32EC5700975E0F /* Sources */ = {
			isa = PBXSourcesBuildPhase;
			buildActionMask = 2147483647;
			files = (
				DD874FC32B33076000975E0F /* User.swift in Sources */,
				DD874FD02B331A6900975E0F /* ProfileView.swift in Sources */,
				DD874FCE2B33183B00975E0F /* MainView.swift in Sources */,
				DD874FD42B3321C900975E0F /* ReusableProfileContent.swift in Sources */,
				DD874FDB2B3367EA00975E0F /* Post.swift in Sources */,
				DD874FBA2B32EF2400975E0F /* LoginView.swift in Sources */,
				DD874FA52B32EC5700975E0F /* ContentView.swift in Sources */,
				DD874FCC2B3317DE00975E0F /* View+Extensions.swift in Sources */,
				DD874FC92B33175000975E0F /* RegisterView.swift in Sources */,
				DD874FC52B33106100975E0F /* LoadingView.swift in Sources */,
				DD874FDD2B33860500975E0F /* SplashLayer.swift in Sources */,
				DD874FD22B331A9600975E0F /* PostsView.swift in Sources */,
				DD874FD92B3367C700975E0F /* CreateNewPost.swift in Sources */,
				DD874FA32B32EC5700975E0F /* SocialMediaAppApp.swift in Sources */,
			);
			runOnlyForDeploymentPostprocessing = 0;
		};
/* End PBXSourcesBuildPhase section */

/* Begin XCBuildConfiguration section */
		DD874FAB2B32EC5800975E0F /* Debug */ = {
			isa = XCBuildConfiguration;
			buildSettings = {
				ALWAYS_SEARCH_USER_PATHS = NO;
				CLANG_ANALYZER_NONNULL = YES;
				CLANG_ANALYZER_NUMBER_OBJECT_CONVERSION = YES_AGGRESSIVE;
				CLANG_CXX_LANGUAGE_STANDARD = "gnu++20";
				CLANG_ENABLE_MODULES = YES;
				CLANG_ENABLE_OBJC_ARC = YES;
				CLANG_ENABLE_OBJC_WEAK = YES;
				CLANG_WARN_BLOCK_CAPTURE_AUTORELEASING = YES;
				CLANG_WARN_BOOL_CONVERSION = YES;
				CLANG_WARN_COMMA = YES;
				CLANG_WARN_CONSTANT_CONVERSION = YES;
				CLANG_WARN_DEPRECATED_OBJC_IMPLEMENTATIONS = YES;
				CLANG_WARN_DIRECT_OBJC_ISA_USAGE = YES_ERROR;
				CLANG_WARN_DOCUMENTATION_COMMENTS = YES;
				CLANG_WARN_EMPTY_BODY = YES;
				CLANG_WARN_ENUM_CONVERSION = YES;
				CLANG_WARN_INFINITE_RECURSION = YES;
				CLANG_WARN_INT_CONVERSION = YES;
				CLANG_WARN_NON_LITERAL_NULL_CONVERSION = YES;
				CLANG_WARN_OBJC_IMPLICIT_RETAIN_SELF = YES;
				CLANG_WARN_OBJC_LITERAL_CONVERSION = YES;
				CLANG_WARN_OBJC_ROOT_CLASS = YES_ERROR;
				CLANG_WARN_QUOTED_INCLUDE_IN_FRAMEWORK_HEADER = YES;
				CLANG_WARN_RANGE_LOOP_ANALYSIS = YES;
				CLANG_WARN_STRICT_PROTOTYPES = YES;
				CLANG_WARN_SUSPICIOUS_MOVE = YES;
				CLANG_WARN_UNGUARDED_AVAILABILITY = YES_AGGRESSIVE;
				CLANG_WARN_UNREACHABLE_CODE = YES;
				CLANG_WARN__DUPLICATE_METHOD_MATCH = YES;
				COPY_PHASE_STRIP = NO;
				DEBUG_INFORMATION_FORMAT = dwarf;
				ENABLE_STRICT_OBJC_MSGSEND = YES;
				ENABLE_TESTABILITY = YES;
				GCC_C_LANGUAGE_STANDARD = gnu11;
				GCC_DYNAMIC_NO_PIC = NO;
				GCC_NO_COMMON_BLOCKS = YES;
				GCC_OPTIMIZATION_LEVEL = 0;
				GCC_PREPROCESSOR_DEFINITIONS = (
					"DEBUG=1",
					"$(inherited)",
				);
				GCC_WARN_64_TO_32_BIT_CONVERSION = YES;
				GCC_WARN_ABOUT_RETURN_TYPE = YES_ERROR;
				GCC_WARN_UNDECLARED_SELECTOR = YES;
				GCC_WARN_UNINITIALIZED_AUTOS = YES_AGGRESSIVE;
				GCC_WARN_UNUSED_FUNCTION = YES;
				GCC_WARN_UNUSED_VARIABLE = YES;
				IPHONEOS_DEPLOYMENT_TARGET = 16.4;
				MTL_ENABLE_DEBUG_INFO = INCLUDE_SOURCE;
				MTL_FAST_MATH = YES;
				ONLY_ACTIVE_ARCH = YES;
				SDKROOT = iphoneos;
				SWIFT_ACTIVE_COMPILATION_CONDITIONS = DEBUG;
				SWIFT_OPTIMIZATION_LEVEL = "-Onone";
			};
			name = Debug;
		};
		DD874FAC2B32EC5800975E0F /* Release */ = {
			isa = XCBuildConfiguration;
			buildSettings = {
				ALWAYS_SEARCH_USER_PATHS = NO;
				CLANG_ANALYZER_NONNULL = YES;
				CLANG_ANALYZER_NUMBER_OBJECT_CONVERSION = YES_AGGRESSIVE;
				CLANG_CXX_LANGUAGE_STANDARD = "gnu++20";
				CLANG_ENABLE_MODULES = YES;
				CLANG_ENABLE_OBJC_ARC = YES;
				CLANG_ENABLE_OBJC_WEAK = YES;
				CLANG_WARN_BLOCK_CAPTURE_AUTORELEASING = YES;
				CLANG_WARN_BOOL_CONVERSION = YES;
				CLANG_WARN_COMMA = YES;
				CLANG_WARN_CONSTANT_CONVERSION = YES;
				CLANG_WARN_DEPRECATED_OBJC_IMPLEMENTATIONS = YES;
				CLANG_WARN_DIRECT_OBJC_ISA_USAGE = YES_ERROR;
				CLANG_WARN_DOCUMENTATION_COMMENTS = YES;
				CLANG_WARN_EMPTY_BODY = YES;
				CLANG_WARN_ENUM_CONVERSION = YES;
				CLANG_WARN_INFINITE_RECURSION = YES;
				CLANG_WARN_INT_CONVERSION = YES;
				CLANG_WARN_NON_LITERAL_NULL_CONVERSION = YES;
				CLANG_WARN_OBJC_IMPLICIT_RETAIN_SELF = YES;
				CLANG_WARN_OBJC_LITERAL_CONVERSION = YES;
				CLANG_WARN_OBJC_ROOT_CLASS = YES_ERROR;
				CLANG_WARN_QUOTED_INCLUDE_IN_FRAMEWORK_HEADER = YES;
				CLANG_WARN_RANGE_LOOP_ANALYSIS = YES;
				CLANG_WARN_STRICT_PROTOTYPES = YES;
				CLANG_WARN_SUSPICIOUS_MOVE = YES;
				CLANG_WARN_UNGUARDED_AVAILABILITY = YES_AGGRESSIVE;
				CLANG_WARN_UNREACHABLE_CODE = YES;
				CLANG_WARN__DUPLICATE_METHOD_MATCH = YES;
				COPY_PHASE_STRIP = NO;
				DEBUG_INFORMATION_FORMAT = "dwarf-with-dsym";
				ENABLE_NS_ASSERTIONS = NO;
				ENABLE_STRICT_OBJC_MSGSEND = YES;
				GCC_C_LANGUAGE_STANDARD = gnu11;
				GCC_NO_COMMON_BLOCKS = YES;
				GCC_WARN_64_TO_32_BIT_CONVERSION = YES;
				GCC_WARN_ABOUT_RETURN_TYPE = YES_ERROR;
				GCC_WARN_UNDECLARED_SELECTOR = YES;
				GCC_WARN_UNINITIALIZED_AUTOS = YES_AGGRESSIVE;
				GCC_WARN_UNUSED_FUNCTION = YES;
				GCC_WARN_UNUSED_VARIABLE = YES;
				IPHONEOS_DEPLOYMENT_TARGET = 16.4;
				MTL_ENABLE_DEBUG_INFO = NO;
				MTL_FAST_MATH = YES;
				SDKROOT = iphoneos;
				SWIFT_COMPILATION_MODE = wholemodule;
				SWIFT_OPTIMIZATION_LEVEL = "-O";
				VALIDATE_PRODUCT = YES;
			};
			name = Release;
		};
		DD874FAE2B32EC5800975E0F /* Debug */ = {
			isa = XCBuildConfiguration;
			buildSettings = {
				ASSETCATALOG_COMPILER_APPICON_NAME = AppIcon;
				ASSETCATALOG_COMPILER_GLOBAL_ACCENT_COLOR_NAME = AccentColor;
				CODE_SIGN_STYLE = Automatic;
				CURRENT_PROJECT_VERSION = 1;
				DEVELOPMENT_ASSET_PATHS = "\"SocialMediaApp/Preview Content\"";
				ENABLE_PREVIEWS = YES;
				GENERATE_INFOPLIST_FILE = YES;
				INFOPLIST_KEY_CFBundleDisplayName = "Social App";
				INFOPLIST_KEY_UIApplicationSceneManifest_Generation = YES;
				INFOPLIST_KEY_UIApplicationSupportsIndirectInputEvents = YES;
				INFOPLIST_KEY_UILaunchScreen_Generation = YES;
				INFOPLIST_KEY_UISupportedInterfaceOrientations_iPad = "UIInterfaceOrientationPortrait UIInterfaceOrientationPortraitUpsideDown UIInterfaceOrientationLandscapeLeft UIInterfaceOrientationLandscapeRight";
				INFOPLIST_KEY_UISupportedInterfaceOrientations_iPhone = "UIInterfaceOrientationPortrait UIInterfaceOrientationLandscapeLeft UIInterfaceOrientationLandscapeRight";
				LD_RUNPATH_SEARCH_PATHS = (
					"$(inherited)",
					"@executable_path/Frameworks",
				);
				MARKETING_VERSION = 1.0;
				PRODUCT_BUNDLE_IDENTIFIER = com.SocialMediaApp;
				PRODUCT_NAME = "$(TARGET_NAME)";
				SWIFT_EMIT_LOC_STRINGS = YES;
				SWIFT_VERSION = 5.0;
				TARGETED_DEVICE_FAMILY = "1,2";
			};
			name = Debug;
		};
		DD874FAF2B32EC5800975E0F /* Release */ = {
			isa = XCBuildConfiguration;
			buildSettings = {
				ASSETCATALOG_COMPILER_APPICON_NAME = AppIcon;
				ASSETCATALOG_COMPILER_GLOBAL_ACCENT_COLOR_NAME = AccentColor;
				CODE_SIGN_STYLE = Automatic;
				CURRENT_PROJECT_VERSION = 1;
				DEVELOPMENT_ASSET_PATHS = "\"SocialMediaApp/Preview Content\"";
				ENABLE_PREVIEWS = YES;
				GENERATE_INFOPLIST_FILE = YES;
				INFOPLIST_KEY_CFBundleDisplayName = "Social App";
				INFOPLIST_KEY_UIApplicationSceneManifest_Generation = YES;
				INFOPLIST_KEY_UIApplicationSupportsIndirectInputEvents = YES;
				INFOPLIST_KEY_UILaunchScreen_Generation = YES;
				INFOPLIST_KEY_UISupportedInterfaceOrientations_iPad = "UIInterfaceOrientationPortrait UIInterfaceOrientationPortraitUpsideDown UIInterfaceOrientationLandscapeLeft UIInterfaceOrientationLandscapeRight";
				INFOPLIST_KEY_UISupportedInterfaceOrientations_iPhone = "UIInterfaceOrientationPortrait UIInterfaceOrientationLandscapeLeft UIInterfaceOrientationLandscapeRight";
				LD_RUNPATH_SEARCH_PATHS = (
					"$(inherited)",
					"@executable_path/Frameworks",
				);
				MARKETING_VERSION = 1.0;
				PRODUCT_BUNDLE_IDENTIFIER = com.SocialMediaApp;
				PRODUCT_NAME = "$(TARGET_NAME)";
				SWIFT_EMIT_LOC_STRINGS = YES;
				SWIFT_VERSION = 5.0;
				TARGETED_DEVICE_FAMILY = "1,2";
			};
			name = Release;
		};
/* End XCBuildConfiguration section */

/* Begin XCConfigurationList section */
		DD874F9A2B32EC5700975E0F /* Build configuration list for PBXProject "SocialMediaApp" */ = {
			isa = XCConfigurationList;
			buildConfigurations = (
				DD874FAB2B32EC5800975E0F /* Debug */,
				DD874FAC2B32EC5800975E0F /* Release */,
			);
			defaultConfigurationIsVisible = 0;
			defaultConfigurationName = Release;
		};
		DD874FAD2B32EC5800975E0F /* Build configuration list for PBXNativeTarget "SocialMediaApp" */ = {
			isa = XCConfigurationList;
			buildConfigurations = (
				DD874FAE2B32EC5800975E0F /* Debug */,
				DD874FAF2B32EC5800975E0F /* Release */,
			);
			defaultConfigurationIsVisible = 0;
			defaultConfigurationName = Release;
		};
/* End XCConfigurationList section */

/* Begin XCRemoteSwiftPackageReference section */
		DD874FB22B32EE9900975E0F /* XCRemoteSwiftPackageReference "firebase-ios-sdk" */ = {
			isa = XCRemoteSwiftPackageReference;
			repositoryURL = "https://github.com/firebase/firebase-ios-sdk";
			requirement = {
				branch = main;
				kind = branch;
			};
		};
		DD874FD52B3322B200975E0F /* XCRemoteSwiftPackageReference "SDWebImageSwiftUI" */ = {
			isa = XCRemoteSwiftPackageReference;
			repositoryURL = "https://github.com/SDWebImage/SDWebImageSwiftUI";
			requirement = {
				kind = upToNextMajorVersion;
				minimumVersion = 2.0.0;
			};
		};
/* End XCRemoteSwiftPackageReference section */

/* Begin XCSwiftPackageProductDependency section */
		DD874FB32B32EE9900975E0F /* FirebaseAuth */ = {
			isa = XCSwiftPackageProductDependency;
			package = DD874FB22B32EE9900975E0F /* XCRemoteSwiftPackageReference "firebase-ios-sdk" */;
			productName = FirebaseAuth;
		};
		DD874FBC2B33054700975E0F /* FirebaseFirestore */ = {
			isa = XCSwiftPackageProductDependency;
			package = DD874FB22B32EE9900975E0F /* XCRemoteSwiftPackageReference "firebase-ios-sdk" */;
			productName = FirebaseFirestore;
		};
		DD874FBE2B33054700975E0F /* FirebaseFirestoreSwift */ = {
			isa = XCSwiftPackageProductDependency;
			package = DD874FB22B32EE9900975E0F /* XCRemoteSwiftPackageReference "firebase-ios-sdk" */;
			productName = FirebaseFirestoreSwift;
		};
		DD874FC02B33054700975E0F /* FirebaseStorage */ = {
			isa = XCSwiftPackageProductDependency;
			package = DD874FB22B32EE9900975E0F /* XCRemoteSwiftPackageReference "firebase-ios-sdk" */;
			productName = FirebaseStorage;
		};
		DD874FD62B3322B200975E0F /* SDWebImageSwiftUI */ = {
			isa = XCSwiftPackageProductDependency;
			package = DD874FD52B3322B200975E0F /* XCRemoteSwiftPackageReference "SDWebImageSwiftUI" */;
			productName = SDWebImageSwiftUI;
		};
/* End XCSwiftPackageProductDependency section */
	};
	rootObject = DD874F972B32EC5700975E0F /* Project object */;
}
